{
    "_readme": [
        "This file locks the dependencies of your project to a known state",
        "Read more about it at https://getcomposer.org/doc/01-basic-usage.md#composer-lock-the-lock-file",
        "This file is @generated automatically"
    ],
    "hash": "81a9a7b1cb8da40ac339953aeb1d0536",
    "packages": [
        {
            "name": "dvdoug/boxpacker",
            "version": "1.5.2",
            "source": {
                "type": "git",
                "url": "https://github.com/dvdoug/BoxPacker.git",
                "reference": "0403bdf6681fac77e7bf4bee24048acd2eea6fc8"
            },
            "dist": {
                "type": "zip",
                "url": "https://api.github.com/repos/dvdoug/BoxPacker/zipball/0403bdf6681fac77e7bf4bee24048acd2eea6fc8",
                "reference": "0403bdf6681fac77e7bf4bee24048acd2eea6fc8",
                "shasum": ""
            },
            "require": {
                "php": ">=5.4.0",
                "psr/log": "~1.0"
            },
            "require-dev": {
                "monolog/monolog": "~1.11",
                "phpunit/phpunit": "^4.3",
                "squizlabs/php_codesniffer": "^2.5"
            },
            "type": "library",
            "autoload": {
                "psr-4": {
                    "DVDoug\\BoxPacker\\": ""
                }
            },
            "notification-url": "https://packagist.org/downloads/",
            "license": [
                "MIT"
            ],
            "authors": [
                {
                    "name": "Doug Wright",
                    "role": "Developer"
                }
            ],
            "description": "An implementation of the 3D bin packing/knapsack problem (aka creating parcels by putting items into boxes)",
            "homepage": "https://github.com/dvdoug/BoxPacker",
            "keywords": [
                "bin packing",
                "binpacking",
                "box",
                "boxes",
                "boxpacking",
                "container",
                "knapsack",
                "packaging",
                "packing",
                "parcel",
                "parcelpacking",
                "shipping"
            ],
            "time": "2016-01-23 20:45:33"
        },
        {
            "name": "psr/log",
            "version": "dev-master",
            "source": {
                "type": "git",
                "url": "https://github.com/php-fig/log.git",
                "reference": "d8e60a5619fff77f9669da8997697443ef1a1d7e"
            },
            "dist": {
                "type": "zip",
                "url": "https://api.github.com/repos/php-fig/log/zipball/d8e60a5619fff77f9669da8997697443ef1a1d7e",
                "reference": "d8e60a5619fff77f9669da8997697443ef1a1d7e",
                "shasum": ""
            },
            "require": {
                "php": ">=5.3.0"
            },
            "type": "library",
            "extra": {
                "branch-alias": {
                    "dev-master": "1.0.x-dev"
                }
            },
            "autoload": {
                "psr-4": {
                    "Psr\\Log\\": "Psr/Log/"
                }
            },
            "notification-url": "https://packagist.org/downloads/",
            "license": [
                "MIT"
            ],
            "authors": [
                {
                    "name": "PHP-FIG",
                    "homepage": "http://www.php-fig.org/"
                }
            ],
            "description": "Common interface for logging libraries",
            "homepage": "https://github.com/php-fig/log",
            "keywords": [
                "log",
                "psr",
                "psr-3"
            ],
            "time": "2016-01-06 21:40:42"
        }
    ],
    "packages-dev": [],
    "aliases": [],
    "minimum-stability": "dev",
    "stability-flags": [],
    "prefer-stable": false,
    "prefer-lowest": false,
    "platform": [],
    "platform-dev": []
}
